
Microsoft Visual Studio Solution File, Format Version 12.00
# Visual Studio Version 17
VisualStudioVersion = 17.13.35931.197
MinimumVisualStudioVersion = 10.0.40219.1
Project("{FAE04EC0-301F-11D3-BF4B-00C04F79EFBC}") = "DDDLesson.Domain", "DDDLesson.Domain\DDDLesson.Domain.csproj", "{234D3587-3DE1-44D7-B964-7E691D39A26E}"
EndProject
Project("{FAE04EC0-301F-11D3-BF4B-00C04F79EFBC}") = "DDDLesson.Infrastructure", "DDDLesson.Infrastructure\DDDLesson.Infrastructure.csproj", "{DE523D62-789F-4DB5-B1F0-5AE66C2D4F29}"
EndProject
Project("{FAE04EC0-301F-11D3-BF4B-00C04F79EFBC}") = "DDDLesson.Presentation", "DDDLesson.Presentation\DDDLesson.Presentation.csproj", "{095D650F-DABF-4CEF-B1B1-BDC9E41AB630}"
EndProject
Project("{FAE04EC0-301F-11D3-BF4B-00C04F79EFBC}") = "DDDLesson.Common", "DDDLesson.Common\DDDLesson.Common.csproj", "{7EEF91FA-94DC-4106-A2D3-C5160AEC256E}"
EndProject
Project("{FAE04EC0-301F-11D3-BF4B-00C04F79EFBC}") = "DDDLesson.ApplicationWpfLib", "DDDLesson.ApplicationWpfLib\DDDLesson.ApplicationWpfLib.csproj", "{64F53242-E7DD-467C-BE28-5E383A6FE7D8}"
EndProject
Global
	GlobalSection(SolutionConfigurationPlatforms) = preSolution
		Debug|Any CPU = Debug|Any CPU
		Release|Any CPU = Release|Any CPU
	EndGlobalSection
	GlobalSection(ProjectConfigurationPlatforms) = postSolution
		{234D3587-3DE1-44D7-B964-7E691D39A26E}.Debug|Any CPU.ActiveCfg = Debug|Any CPU
		{234D3587-3DE1-44D7-B964-7E691D39A26E}.Debug|Any CPU.Build.0 = Debug|Any CPU
		{234D3587-3DE1-44D7-B964-7E691D39A26E}.Release|Any CPU.ActiveCfg = Release|Any CPU
		{234D3587-3DE1-44D7-B964-7E691D39A26E}.Release|Any CPU.Build.0 = Release|Any CPU
		{DE523D62-789F-4DB5-B1F0-5AE66C2D4F29}.Debug|Any CPU.ActiveCfg = Debug|Any CPU
		{DE523D62-789F-4DB5-B1F0-5AE66C2D4F29}.Debug|Any CPU.Build.0 = Debug|Any CPU
		{DE523D62-789F-4DB5-B1F0-5AE66C2D4F29}.Release|Any CPU.ActiveCfg = Release|Any CPU
		{DE523D62-789F-4DB5-B1F0-5AE66C2D4F29}.Release|Any CPU.Build.0 = Release|Any CPU
		{095D650F-DABF-4CEF-B1B1-BDC9E41AB630}.Debug|Any CPU.ActiveCfg = Debug|Any CPU
		{095D650F-DABF-4CEF-B1B1-BDC9E41AB630}.Debug|Any CPU.Build.0 = Debug|Any CPU
		{095D650F-DABF-4CEF-B1B1-BDC9E41AB630}.Release|Any CPU.ActiveCfg = Release|Any CPU
		{095D650F-DABF-4CEF-B1B1-BDC9E41AB630}.Release|Any CPU.Build.0 = Release|Any CPU
		{7EEF91FA-94DC-4106-A2D3-C5160AEC256E}.Debug|Any CPU.ActiveCfg = Debug|Any CPU
		{7EEF91FA-94DC-4106-A2D3-C5160AEC256E}.Debug|Any CPU.Build.0 = Debug|Any CPU
		{7EEF91FA-94DC-4106-A2D3-C5160AEC256E}.Release|Any CPU.ActiveCfg = Release|Any CPU
		{7EEF91FA-94DC-4106-A2D3-C5160AEC256E}.Release|Any CPU.Build.0 = Release|Any CPU
		{64F53242-E7DD-467C-BE28-5E383A6FE7D8}.Debug|Any CPU.ActiveCfg = Debug|Any CPU
		{64F53242-E7DD-467C-BE28-5E383A6FE7D8}.Debug|Any CPU.Build.0 = Debug|Any CPU
		{64F53242-E7DD-467C-BE28-5E383A6FE7D8}.Release|Any CPU.ActiveCfg = Release|Any CPU
		{64F53242-E7DD-467C-BE28-5E383A6FE7D8}.Release|Any CPU.Build.0 = Release|Any CPU
	EndGlobalSection
	GlobalSection(SolutionProperties) = preSolution
		HideSolutionNode = FALSE
	EndGlobalSection
	GlobalSection(ExtensibilityGlobals) = postSolution
		SolutionGuid = {F83AFA58-08D2-48D3-B39A-09B65C35422B}
	EndGlobalSection
EndGlobal
