
Microsoft Visual Studio Solution File, Format Version 12.00
# Visual Studio Version 17
VisualStudioVersion = 17.13.35931.197
MinimumVisualStudioVersion = 10.0.40219.1
Project("{FAE04EC0-301F-11D3-BF4B-00C04F79EFBC}") = "DDDLesson.Domain", "DDDLesson.Domain\DDDLesson.Domain.csproj", "{234D3587-3DE1-44D7-B964-7E691D39A26E}"
EndProject
Project("{FAE04EC0-301F-11D3-BF4B-00C04F79EFBC}") = "DDDLesson.Infrastructure", "DDDLesson.Infrastructure\DDDLesson.Infrastructure.csproj", "{DE523D62-789F-4DB5-B1F0-5AE66C2D4F29}"
EndProject
Project("{FAE04EC0-301F-11D3-BF4B-00C04F79EFBC}") = "DDDLesson.Common", "DDDLesson.Common\DDDLesson.Common.csproj", "{7EEF91FA-94DC-4106-A2D3-C5160AEC256E}"
EndProject
Project("{FAE04EC0-301F-11D3-BF4B-00C04F79EFBC}") = "DDDLesson.WinUI3", "DDDLesson.WinUI3\DDDLesson.WinUI3.csproj", "{493FE6A6-F744-4986-86C3-E8286A8ADF4B}"
EndProject
Project("{FAE04EC0-301F-11D3-BF4B-00C04F79EFBC}") = "ControlsCollection", "ControlsCollection\ControlsCollection.csproj", "{9ED6CCE4-A845-4CE3-82FD-C5AF6C3A8A9B}"
EndProject
Global
	GlobalSection(SolutionConfigurationPlatforms) = preSolution
		Debug|Any CPU = Debug|Any CPU
		Debug|ARM = Debug|ARM
		Debug|ARM64 = Debug|ARM64
		Debug|x64 = Debug|x64
		Debug|x86 = Debug|x86
		Release|Any CPU = Release|Any CPU
		Release|ARM = Release|ARM
		Release|ARM64 = Release|ARM64
		Release|x64 = Release|x64
		Release|x86 = Release|x86
	EndGlobalSection
	GlobalSection(ProjectConfigurationPlatforms) = postSolution
		{234D3587-3DE1-44D7-B964-7E691D39A26E}.Debug|Any CPU.ActiveCfg = Debug|Any CPU
		{234D3587-3DE1-44D7-B964-7E691D39A26E}.Debug|Any CPU.Build.0 = Debug|Any CPU
		{234D3587-3DE1-44D7-B964-7E691D39A26E}.Debug|ARM.ActiveCfg = Debug|Any CPU
		{234D3587-3DE1-44D7-B964-7E691D39A26E}.Debug|ARM.Build.0 = Debug|Any CPU
		{234D3587-3DE1-44D7-B964-7E691D39A26E}.Debug|ARM64.ActiveCfg = Debug|Any CPU
		{234D3587-3DE1-44D7-B964-7E691D39A26E}.Debug|ARM64.Build.0 = Debug|Any CPU
		{234D3587-3DE1-44D7-B964-7E691D39A26E}.Debug|x64.ActiveCfg = Debug|Any CPU
		{234D3587-3DE1-44D7-B964-7E691D39A26E}.Debug|x64.Build.0 = Debug|Any CPU
		{234D3587-3DE1-44D7-B964-7E691D39A26E}.Debug|x86.ActiveCfg = Debug|Any CPU
		{234D3587-3DE1-44D7-B964-7E691D39A26E}.Debug|x86.Build.0 = Debug|Any CPU
		{234D3587-3DE1-44D7-B964-7E691D39A26E}.Release|Any CPU.ActiveCfg = Release|Any CPU
		{234D3587-3DE1-44D7-B964-7E691D39A26E}.Release|Any CPU.Build.0 = Release|Any CPU
		{234D3587-3DE1-44D7-B964-7E691D39A26E}.Release|ARM.ActiveCfg = Release|Any CPU
		{234D3587-3DE1-44D7-B964-7E691D39A26E}.Release|ARM.Build.0 = Release|Any CPU
		{234D3587-3DE1-44D7-B964-7E691D39A26E}.Release|ARM64.ActiveCfg = Release|Any CPU
		{234D3587-3DE1-44D7-B964-7E691D39A26E}.Release|ARM64.Build.0 = Release|Any CPU
		{234D3587-3DE1-44D7-B964-7E691D39A26E}.Release|x64.ActiveCfg = Release|Any CPU
		{234D3587-3DE1-44D7-B964-7E691D39A26E}.Release|x64.Build.0 = Release|Any CPU
		{234D3587-3DE1-44D7-B964-7E691D39A26E}.Release|x86.ActiveCfg = Release|Any CPU
		{234D3587-3DE1-44D7-B964-7E691D39A26E}.Release|x86.Build.0 = Release|Any CPU
		{DE523D62-789F-4DB5-B1F0-5AE66C2D4F29}.Debug|Any CPU.ActiveCfg = Debug|Any CPU
		{DE523D62-789F-4DB5-B1F0-5AE66C2D4F29}.Debug|Any CPU.Build.0 = Debug|Any CPU
		{DE523D62-789F-4DB5-B1F0-5AE66C2D4F29}.Debug|ARM.ActiveCfg = Debug|Any CPU
		{DE523D62-789F-4DB5-B1F0-5AE66C2D4F29}.Debug|ARM.Build.0 = Debug|Any CPU
		{DE523D62-789F-4DB5-B1F0-5AE66C2D4F29}.Debug|ARM64.ActiveCfg = Debug|Any CPU
		{DE523D62-789F-4DB5-B1F0-5AE66C2D4F29}.Debug|ARM64.Build.0 = Debug|Any CPU
		{DE523D62-789F-4DB5-B1F0-5AE66C2D4F29}.Debug|x64.ActiveCfg = Debug|Any CPU
		{DE523D62-789F-4DB5-B1F0-5AE66C2D4F29}.Debug|x64.Build.0 = Debug|Any CPU
		{DE523D62-789F-4DB5-B1F0-5AE66C2D4F29}.Debug|x86.ActiveCfg = Debug|Any CPU
		{DE523D62-789F-4DB5-B1F0-5AE66C2D4F29}.Debug|x86.Build.0 = Debug|Any CPU
		{DE523D62-789F-4DB5-B1F0-5AE66C2D4F29}.Release|Any CPU.ActiveCfg = Release|Any CPU
		{DE523D62-789F-4DB5-B1F0-5AE66C2D4F29}.Release|Any CPU.Build.0 = Release|Any CPU
		{DE523D62-789F-4DB5-B1F0-5AE66C2D4F29}.Release|ARM.ActiveCfg = Release|Any CPU
		{DE523D62-789F-4DB5-B1F0-5AE66C2D4F29}.Release|ARM.Build.0 = Release|Any CPU
		{DE523D62-789F-4DB5-B1F0-5AE66C2D4F29}.Release|ARM64.ActiveCfg = Release|Any CPU
		{DE523D62-789F-4DB5-B1F0-5AE66C2D4F29}.Release|ARM64.Build.0 = Release|Any CPU
		{DE523D62-789F-4DB5-B1F0-5AE66C2D4F29}.Release|x64.ActiveCfg = Release|Any CPU
		{DE523D62-789F-4DB5-B1F0-5AE66C2D4F29}.Release|x64.Build.0 = Release|Any CPU
		{DE523D62-789F-4DB5-B1F0-5AE66C2D4F29}.Release|x86.ActiveCfg = Release|Any CPU
		{DE523D62-789F-4DB5-B1F0-5AE66C2D4F29}.Release|x86.Build.0 = Release|Any CPU
		{7EEF91FA-94DC-4106-A2D3-C5160AEC256E}.Debug|Any CPU.ActiveCfg = Debug|Any CPU
		{7EEF91FA-94DC-4106-A2D3-C5160AEC256E}.Debug|Any CPU.Build.0 = Debug|Any CPU
		{7EEF91FA-94DC-4106-A2D3-C5160AEC256E}.Debug|ARM.ActiveCfg = Debug|Any CPU
		{7EEF91FA-94DC-4106-A2D3-C5160AEC256E}.Debug|ARM.Build.0 = Debug|Any CPU
		{7EEF91FA-94DC-4106-A2D3-C5160AEC256E}.Debug|ARM64.ActiveCfg = Debug|Any CPU
		{7EEF91FA-94DC-4106-A2D3-C5160AEC256E}.Debug|ARM64.Build.0 = Debug|Any CPU
		{7EEF91FA-94DC-4106-A2D3-C5160AEC256E}.Debug|x64.ActiveCfg = Debug|Any CPU
		{7EEF91FA-94DC-4106-A2D3-C5160AEC256E}.Debug|x64.Build.0 = Debug|Any CPU
		{7EEF91FA-94DC-4106-A2D3-C5160AEC256E}.Debug|x86.ActiveCfg = Debug|Any CPU
		{7EEF91FA-94DC-4106-A2D3-C5160AEC256E}.Debug|x86.Build.0 = Debug|Any CPU
		{7EEF91FA-94DC-4106-A2D3-C5160AEC256E}.Release|Any CPU.ActiveCfg = Release|Any CPU
		{7EEF91FA-94DC-4106-A2D3-C5160AEC256E}.Release|Any CPU.Build.0 = Release|Any CPU
		{7EEF91FA-94DC-4106-A2D3-C5160AEC256E}.Release|ARM.ActiveCfg = Release|Any CPU
		{7EEF91FA-94DC-4106-A2D3-C5160AEC256E}.Release|ARM.Build.0 = Release|Any CPU
		{7EEF91FA-94DC-4106-A2D3-C5160AEC256E}.Release|ARM64.ActiveCfg = Release|Any CPU
		{7EEF91FA-94DC-4106-A2D3-C5160AEC256E}.Release|ARM64.Build.0 = Release|Any CPU
		{7EEF91FA-94DC-4106-A2D3-C5160AEC256E}.Release|x64.ActiveCfg = Release|Any CPU
		{7EEF91FA-94DC-4106-A2D3-C5160AEC256E}.Release|x64.Build.0 = Release|Any CPU
		{7EEF91FA-94DC-4106-A2D3-C5160AEC256E}.Release|x86.ActiveCfg = Release|Any CPU
		{7EEF91FA-94DC-4106-A2D3-C5160AEC256E}.Release|x86.Build.0 = Release|Any CPU
		{493FE6A6-F744-4986-86C3-E8286A8ADF4B}.Debug|Any CPU.ActiveCfg = Debug|x64
		{493FE6A6-F744-4986-86C3-E8286A8ADF4B}.Debug|Any CPU.Build.0 = Debug|x64
		{493FE6A6-F744-4986-86C3-E8286A8ADF4B}.Debug|Any CPU.Deploy.0 = Debug|x64
		{493FE6A6-F744-4986-86C3-E8286A8ADF4B}.Debug|ARM.ActiveCfg = Debug|x64
		{493FE6A6-F744-4986-86C3-E8286A8ADF4B}.Debug|ARM.Build.0 = Debug|x64
		{493FE6A6-F744-4986-86C3-E8286A8ADF4B}.Debug|ARM.Deploy.0 = Debug|x64
		{493FE6A6-F744-4986-86C3-E8286A8ADF4B}.Debug|ARM64.ActiveCfg = Debug|ARM64
		{493FE6A6-F744-4986-86C3-E8286A8ADF4B}.Debug|ARM64.Build.0 = Debug|ARM64
		{493FE6A6-F744-4986-86C3-E8286A8ADF4B}.Debug|ARM64.Deploy.0 = Debug|ARM64
		{493FE6A6-F744-4986-86C3-E8286A8ADF4B}.Debug|x64.ActiveCfg = Debug|x64
		{493FE6A6-F744-4986-86C3-E8286A8ADF4B}.Debug|x64.Build.0 = Debug|x64
		{493FE6A6-F744-4986-86C3-E8286A8ADF4B}.Debug|x64.Deploy.0 = Debug|x64
		{493FE6A6-F744-4986-86C3-E8286A8ADF4B}.Debug|x86.ActiveCfg = Debug|x86
		{493FE6A6-F744-4986-86C3-E8286A8ADF4B}.Debug|x86.Build.0 = Debug|x86
		{493FE6A6-F744-4986-86C3-E8286A8ADF4B}.Debug|x86.Deploy.0 = Debug|x86
		{493FE6A6-F744-4986-86C3-E8286A8ADF4B}.Release|Any CPU.ActiveCfg = Release|x64
		{493FE6A6-F744-4986-86C3-E8286A8ADF4B}.Release|Any CPU.Build.0 = Release|x64
		{493FE6A6-F744-4986-86C3-E8286A8ADF4B}.Release|Any CPU.Deploy.0 = Release|x64
		{493FE6A6-F744-4986-86C3-E8286A8ADF4B}.Release|ARM.ActiveCfg = Release|x64
		{493FE6A6-F744-4986-86C3-E8286A8ADF4B}.Release|ARM.Build.0 = Release|x64
		{493FE6A6-F744-4986-86C3-E8286A8ADF4B}.Release|ARM.Deploy.0 = Release|x64
		{493FE6A6-F744-4986-86C3-E8286A8ADF4B}.Release|ARM64.ActiveCfg = Release|ARM64
		{493FE6A6-F744-4986-86C3-E8286A8ADF4B}.Release|ARM64.Build.0 = Release|ARM64
		{493FE6A6-F744-4986-86C3-E8286A8ADF4B}.Release|ARM64.Deploy.0 = Release|ARM64
		{493FE6A6-F744-4986-86C3-E8286A8ADF4B}.Release|x64.ActiveCfg = Release|x64
		{493FE6A6-F744-4986-86C3-E8286A8ADF4B}.Release|x64.Build.0 = Release|x64
		{493FE6A6-F744-4986-86C3-E8286A8ADF4B}.Release|x64.Deploy.0 = Release|x64
		{493FE6A6-F744-4986-86C3-E8286A8ADF4B}.Release|x86.ActiveCfg = Release|x86
		{493FE6A6-F744-4986-86C3-E8286A8ADF4B}.Release|x86.Build.0 = Release|x86
		{493FE6A6-F744-4986-86C3-E8286A8ADF4B}.Release|x86.Deploy.0 = Release|x86
		{9ED6CCE4-A845-4CE3-82FD-C5AF6C3A8A9B}.Debug|Any CPU.ActiveCfg = Debug|Any CPU
		{9ED6CCE4-A845-4CE3-82FD-C5AF6C3A8A9B}.Debug|Any CPU.Build.0 = Debug|Any CPU
		{9ED6CCE4-A845-4CE3-82FD-C5AF6C3A8A9B}.Debug|ARM.ActiveCfg = Debug|Any CPU
		{9ED6CCE4-A845-4CE3-82FD-C5AF6C3A8A9B}.Debug|ARM.Build.0 = Debug|Any CPU
		{9ED6CCE4-A845-4CE3-82FD-C5AF6C3A8A9B}.Debug|ARM64.ActiveCfg = Debug|Any CPU
		{9ED6CCE4-A845-4CE3-82FD-C5AF6C3A8A9B}.Debug|ARM64.Build.0 = Debug|Any CPU
		{9ED6CCE4-A845-4CE3-82FD-C5AF6C3A8A9B}.Debug|x64.ActiveCfg = Debug|Any CPU
		{9ED6CCE4-A845-4CE3-82FD-C5AF6C3A8A9B}.Debug|x64.Build.0 = Debug|Any CPU
		{9ED6CCE4-A845-4CE3-82FD-C5AF6C3A8A9B}.Debug|x86.ActiveCfg = Debug|Any CPU
		{9ED6CCE4-A845-4CE3-82FD-C5AF6C3A8A9B}.Debug|x86.Build.0 = Debug|Any CPU
		{9ED6CCE4-A845-4CE3-82FD-C5AF6C3A8A9B}.Release|Any CPU.ActiveCfg = Release|Any CPU
		{9ED6CCE4-A845-4CE3-82FD-C5AF6C3A8A9B}.Release|Any CPU.Build.0 = Release|Any CPU
		{9ED6CCE4-A845-4CE3-82FD-C5AF6C3A8A9B}.Release|ARM.ActiveCfg = Release|Any CPU
		{9ED6CCE4-A845-4CE3-82FD-C5AF6C3A8A9B}.Release|ARM.Build.0 = Release|Any CPU
		{9ED6CCE4-A845-4CE3-82FD-C5AF6C3A8A9B}.Release|ARM64.ActiveCfg = Release|Any CPU
		{9ED6CCE4-A845-4CE3-82FD-C5AF6C3A8A9B}.Release|ARM64.Build.0 = Release|Any CPU
		{9ED6CCE4-A845-4CE3-82FD-C5AF6C3A8A9B}.Release|x64.ActiveCfg = Release|Any CPU
		{9ED6CCE4-A845-4CE3-82FD-C5AF6C3A8A9B}.Release|x64.Build.0 = Release|Any CPU
		{9ED6CCE4-A845-4CE3-82FD-C5AF6C3A8A9B}.Release|x86.ActiveCfg = Release|Any CPU
		{9ED6CCE4-A845-4CE3-82FD-C5AF6C3A8A9B}.Release|x86.Build.0 = Release|Any CPU
	EndGlobalSection
	GlobalSection(SolutionProperties) = preSolution
		HideSolutionNode = FALSE
	EndGlobalSection
	GlobalSection(ExtensibilityGlobals) = postSolution
		SolutionGuid = {F83AFA58-08D2-48D3-B39A-09B65C35422B}
	EndGlobalSection
EndGlobal
